
Microsoft Visual Studio Solution File, Format Version 12.00
# Visual Studio Version 16
Project("{2150E333-8FDC-42A3-9474-1A3956D46DE8}") = "src", "src", "{9A934A6F-6D91-496A-B878-F72505C170D5}"
EndProject
Project("{FAE04EC0-301F-11D3-BF4B-00C04F79EFBC}") = "Serverless", "Serverless\Serverless.csproj", "{6C207B5D-84D5-4A7F-942F-EC1C18F78C8B}"
EndProject
Project("{FAE04EC0-301F-11D3-BF4B-00C04F79EFBC}") = "Domain", "Domain\Domain.csproj", "{C27D5AF9-8597-455F-988E-69935209BBF6}"
EndProject
Project("{FAE04EC0-301F-11D3-BF4B-00C04F79EFBC}") = "Application", "Application\Application.csproj", "{EC56BE50-490E-4E94-93E6-DBFB150963E1}"
EndProject
Project("{FAE04EC0-301F-11D3-BF4B-00C04F79EFBC}") = "Infrastructure", "Infrastructure\Infrastructure.csproj", "{3DB7EE82-3D4A-452C-9F11-C2A2727CE118}"
EndProject
Global
	GlobalSection(SolutionConfigurationPlatforms) = preSolution
		Debug|Any CPU = Debug|Any CPU
		Release|Any CPU = Release|Any CPU
	EndGlobalSection
	GlobalSection(ProjectConfigurationPlatforms) = postSolution
		{6C207B5D-84D5-4A7F-942F-EC1C18F78C8B}.Debug|Any CPU.ActiveCfg = Debug|Any CPU
		{6C207B5D-84D5-4A7F-942F-EC1C18F78C8B}.Debug|Any CPU.Build.0 = Debug|Any CPU
		{6C207B5D-84D5-4A7F-942F-EC1C18F78C8B}.Release|Any CPU.ActiveCfg = Release|Any CPU
		{6C207B5D-84D5-4A7F-942F-EC1C18F78C8B}.Release|Any CPU.Build.0 = Release|Any CPU
		{C27D5AF9-8597-455F-988E-69935209BBF6}.Debug|Any CPU.ActiveCfg = Debug|Any CPU
		{C27D5AF9-8597-455F-988E-69935209BBF6}.Debug|Any CPU.Build.0 = Debug|Any CPU
		{C27D5AF9-8597-455F-988E-69935209BBF6}.Release|Any CPU.ActiveCfg = Release|Any CPU
		{C27D5AF9-8597-455F-988E-69935209BBF6}.Release|Any CPU.Build.0 = Release|Any CPU
		{EC56BE50-490E-4E94-93E6-DBFB150963E1}.Debug|Any CPU.ActiveCfg = Debug|Any CPU
		{EC56BE50-490E-4E94-93E6-DBFB150963E1}.Debug|Any CPU.Build.0 = Debug|Any CPU
		{EC56BE50-490E-4E94-93E6-DBFB150963E1}.Release|Any CPU.ActiveCfg = Release|Any CPU
		{EC56BE50-490E-4E94-93E6-DBFB150963E1}.Release|Any CPU.Build.0 = Release|Any CPU
		{3DB7EE82-3D4A-452C-9F11-C2A2727CE118}.Debug|Any CPU.ActiveCfg = Debug|Any CPU
		{3DB7EE82-3D4A-452C-9F11-C2A2727CE118}.Debug|Any CPU.Build.0 = Debug|Any CPU
		{3DB7EE82-3D4A-452C-9F11-C2A2727CE118}.Release|Any CPU.ActiveCfg = Release|Any CPU
		{3DB7EE82-3D4A-452C-9F11-C2A2727CE118}.Release|Any CPU.Build.0 = Release|Any CPU
	EndGlobalSection
	GlobalSection(NestedProjects) = preSolution
		{6C207B5D-84D5-4A7F-942F-EC1C18F78C8B} = {9A934A6F-6D91-496A-B878-F72505C170D5}
		{C27D5AF9-8597-455F-988E-69935209BBF6} = {9A934A6F-6D91-496A-B878-F72505C170D5}
		{EC56BE50-490E-4E94-93E6-DBFB150963E1} = {9A934A6F-6D91-496A-B878-F72505C170D5}
		{3DB7EE82-3D4A-452C-9F11-C2A2727CE118} = {9A934A6F-6D91-496A-B878-F72505C170D5}
	EndGlobalSection
EndGlobal
